[requirements]
requirements = [
    "kraken-build>=0.33.2",
]
pythonpath = [
    "build-support",
]
interpreter_constraint = ">=3.10"

[pinned]
anyio = "4.4.0"
certifi = "2024.6.2"
databind = "4.5.2"
databind-json = "4.5.2"
deprecated = "1.2.14"
dill = "0.3.8"
h11 = "0.14.0"
httpcore = "1.0.5"
httpx = "0.27.0"
idna = "3.7"
jaraco-classes = "3.4.0"
jaraco-context = "5.3.0"
jaraco-functools = "4.0.1"
keyring = "25.2.1"
kraken-build = "0.36.10"
markdown-it-py = "3.0.0"
mdurl = "0.1.2"
more-itertools = "10.3.0"
networkx = "3.3"
nr-date = "2.1.0"
nr-io-graphviz = "0.1.1"
nr-stream = "1.1.5"
packaging = "23.2"
pex = "2.6.2"
pygments = "2.18.0"
rich = "13.7.1"
sniffio = "1.3.1"
termcolor = "2.4.0"
tomli = "2.0.1"
tomli-w = "1.0.0"
tomlkit = "0.12.5"
typeapi = "2.2.3"
typing-extensions = "4.12.2"
wrapt = "1.16.0"
