version = 1
requires-python = ">=3.10"

[[package]]
name = "colorama"
version = "0.4.6"
source = { registry = "https://pypi.org/simple" }
sdist = { url = "https://files.pythonhosted.org/packages/d8/53/6f443c9a4a8358a93a6792e2acffb9d9d5cb0a5cfd8802644b7b1c9a02e4/colorama-0.4.6.tar.gz", hash = "sha256:08695f5cb7ed6e0531a20572697297273c47b8cae5a63ffc6d6ed5c201be6e44", size = 27697 }
wheels = [
    { url = "https://files.pythonhosted.org/packages/d1/d6/3965ed04c63042e047cb6a3e6ed1a63a35087b6a609aa3a15ed8ac56c221/colorama-0.4.6-py2.py3-none-any.whl", hash = "sha256:4f1d9991f5acc0ca119f9d443620b77f9d6b33703e51011c16baf57afb285fc6", size = 25335 },
]

[[package]]
name = "tqdm"
version = "4.66.5"
source = { registry = "https://pypi.org/simple" }
dependencies = [
    { name = "colorama", marker = "sys_platform == 'win32'" },
]
sdist = { url = "https://files.pythonhosted.org/packages/58/83/6ba9844a41128c62e810fddddd72473201f3eacde02046066142a2d96cc5/tqdm-4.66.5.tar.gz", hash = "sha256:e1020aef2e5096702d8a025ac7d16b1577279c9d63f8375b63083e9a5f0fcbad", size = 169504 }
wheels = [
    { url = "https://files.pythonhosted.org/packages/48/5d/acf5905c36149bbaec41ccf7f2b68814647347b72075ac0b1fe3022fdc73/tqdm-4.66.5-py3-none-any.whl", hash = "sha256:90279a3770753eafc9194a0364852159802111925aa30eb3f9d85b0e805ac7cd", size = 78351 },
]

[[package]]
name = "uv-project"
version = "0.1.0"
source = { editable = "../uv-project" }
dependencies = [
    { name = "tqdm" },
]

[package.metadata]
requires-dist = [{ name = "tqdm", specifier = ">=4.66.5" }]

[package.metadata.requires-dev]
dev = [{ name = "types-tqdm", specifier = ">=4.66.0.20240417" }]

[[package]]
name = "uv-project-relative-import"
version = "0.1.0"
source = { editable = "." }
dependencies = [
    { name = "tqdm" },
    { name = "uv-project" },
]

[package.optional-dependencies]
opt = [
    { name = "uv-project" },
]

[package.dev-dependencies]
dev = [
    { name = "uv-project" },
]

[package.metadata]
requires-dist = [
    { name = "tqdm", specifier = ">=4.66.5" },
    { name = "uv-project", editable = "../uv-project" },
    { name = "uv-project", marker = "extra == 'opt'", editable = "../uv-project" },
]

[package.metadata.requires-dev]
dev = [{ name = "uv-project", editable = "../uv-project" }]
